devDependencies:
  cross-env: 7.0.3
  sveasy: 0.1.3
  svelte: 3.37.0
  svelte-windicss-preprocess: 3.3.0
  windicss: 2.5.11
lockfileVersion: 5.2
packages:
  /@nodelib/fs.scandir/2.1.4:
    dependencies:
      '@nodelib/fs.stat': 2.0.4
      run-parallel: 1.2.0
    dev: true
    engines:
      node: '>= 8'
    resolution:
      integrity: sha512-33g3pMJk3bg5nXbL/+CY6I2eJDzZAni49PfJnL5fghPTggPvBd/pFNSgJsdAgWptuFu7qq/ERvOYFlhvsLTCKA==
  /@nodelib/fs.stat/2.0.4:
    dev: true
    engines:
      node: '>= 8'
    resolution:
      integrity: sha512-IYlHJA0clt2+Vg7bccq+TzRdJvv19c2INqBSsoOLp1je7xjtr7J26+WXR72MCdvU9q1qTzIWDfhMf+DRvQJK4Q==
  /@nodelib/fs.walk/1.2.6:
    dependencies:
      '@nodelib/fs.scandir': 2.1.4
      fastq: 1.11.0
    dev: true
    engines:
      node: '>= 8'
    resolution:
      integrity: sha512-8Broas6vTtW4GIXTAHDoE32hnN2M5ykgCpWGbuXHQ15vEMqr23pB76e/GZcYsZCHALv50ktd24qhEyKr6wBtow==
  /@windicss/plugin-utils/0.12.5:
    dependencies:
      debug: 4.3.2
      fast-glob: 3.2.5
      magic-string: 0.25.7
      micromatch: 4.0.2
      pirates: 4.0.1
      sucrase: 3.17.1
      windicss: 2.5.11
    dev: true
    resolution:
      integrity: sha512-4ux2o4s6D/gRTD68os41oxs/0NFk/eSJxHhZL9nN2wy4RGt+pPMQJyOHV56l7zDh9B0ywU5+ZRxDjdw2cl5Yvg==
  /ansi-styles/4.3.0:
    dependencies:
      color-convert: 2.0.1
    dev: true
    engines:
      node: '>=8'
    resolution:
      integrity: sha512-zbB9rCJAT1rbjiVDb2hqKFHNYLxgtk8NURxZ3IZwD3F6NtxbXZQCnnSi1Lkx+IDohdPlFp222wVALIheZJQSEg==
  /any-promise/1.3.0:
    dev: true
    resolution:
      integrity: sha1-q8av7tzqUugJzcA3au0845Y10X8=
  /balanced-match/1.0.0:
    dev: true
    resolution:
      integrity: sha1-ibTRmasr7kneFk6gK4nORi1xt2c=
  /brace-expansion/1.1.11:
    dependencies:
      balanced-match: 1.0.0
      concat-map: 0.0.1
    dev: true
    resolution:
      integrity: sha512-iCuPHDFgrHX7H2vEI/5xpz07zSHB00TpugqhmYtVmMO6518mCuRMoOYFldEBl0g187ufozdaHgWKcYFb61qGiA==
  /braces/3.0.2:
    dependencies:
      fill-range: 7.0.1
    dev: true
    engines:
      node: '>=8'
    resolution:
      integrity: sha512-b8um+L1RzM3WDSzvhm6gIz1yfTbBt6YTlcEKAvsmqCZZFw46z626lVj9j1yEPW33H5H+lBQpZMP1k8l+78Ha0A==
  /chalk/4.1.0:
    dependencies:
      ansi-styles: 4.3.0
      supports-color: 7.2.0
    dev: true
    engines:
      node: '>=10'
    resolution:
      integrity: sha512-qwx12AxXe2Q5xQ43Ac//I6v5aXTipYrSESdOgzrN+9XjgEpyjpKuvSGaN4qE93f7TQTlerQQ8S+EQ0EyDoVL1A==
  /color-convert/2.0.1:
    dependencies:
      color-name: 1.1.4
    dev: true
    engines:
      node: '>=7.0.0'
    resolution:
      integrity: sha512-RRECPsj7iu/xb5oKYcsFHSppFNnsj/52OVTRKb4zP5onXwVF3zVmmToNcOfGC+CRDpfK/U584fMg38ZHCaElKQ==
  /color-name/1.1.4:
    dev: true
    resolution:
      integrity: sha512-dOy+3AuW3a2wNbZHIuMZpTcgjGuLU/uBL/ubcZF9OXbDo8ff4O8yVp5Bf0efS8uEoYo5q4Fx7dY9OgQGXgAsQA==
  /commander/4.1.1:
    dev: true
    engines:
      node: '>= 6'
    resolution:
      integrity: sha512-NOKm8xhkzAjzFx8B2v5OAHT+u5pRQc2UCa2Vq9jYL/31o2wi9mxBA7LIFs3sV5VSC49z6pEhfbMULvShKj26WA==
  /concat-map/0.0.1:
    dev: true
    resolution:
      integrity: sha1-2Klr13/Wjfd5OnMDajug1UBdR3s=
  /cross-env/7.0.3:
    dependencies:
      cross-spawn: 7.0.3
    dev: true
    engines:
      node: '>=10.14'
      npm: '>=6'
      yarn: '>=1'
    hasBin: true
    resolution:
      integrity: sha512-+/HKd6EgcQCJGh2PSjZuUitQBQynKor4wrFbRg4DtAgS1aWO+gU52xpH7M9ScGgXSYmAVS9bIJ8EzuaGw0oNAw==
  /cross-spawn/7.0.3:
    dependencies:
      path-key: 3.1.1
      shebang-command: 2.0.0
      which: 2.0.2
    dev: true
    engines:
      node: '>= 8'
    resolution:
      integrity: sha512-iRDPJKUPVEND7dHPO8rkbOnPpyDygcDFtWjpeWNCgy8WP2rXcxXL8TskReQl6OrB2G7+UJrags1q15Fudc7G6w==
  /debug/4.3.2:
    dependencies:
      ms: 2.1.2
    dev: true
    engines:
      node: '>=6.0'
    peerDependencies:
      supports-color: '*'
    peerDependenciesMeta:
      supports-color:
        optional: true
    resolution:
      integrity: sha512-mOp8wKcvj7XxC78zLgw/ZA+6TSgkoE2C/ienthhRD298T7UNwAg9diBpLRxC0mOezLl4B0xV7M0cCO6P/O0Xhw==
  /esbuild/0.11.5:
    dev: true
    hasBin: true
    requiresBuild: true
    resolution:
      integrity: sha512-aRs6jAE+bVRp1tyfzUugAw1T/Y0Fwzp4Z2ROikF3h+UifoD5QlEbEYQGc6orNnnSIRhWR5VWBH7LozlAumaLHg==
  /fast-glob/3.2.5:
    dependencies:
      '@nodelib/fs.stat': 2.0.4
      '@nodelib/fs.walk': 1.2.6
      glob-parent: 5.1.2
      merge2: 1.4.1
      micromatch: 4.0.2
      picomatch: 2.2.2
    dev: true
    engines:
      node: '>=8'
    resolution:
      integrity: sha512-2DtFcgT68wiTTiwZ2hNdJfcHNke9XOfnwmBRWXhmeKM8rF0TGwmC/Qto3S7RoZKp5cilZbxzO5iTNTQsJ+EeDg==
  /fastq/1.11.0:
    dependencies:
      reusify: 1.0.4
    dev: true
    resolution:
      integrity: sha512-7Eczs8gIPDrVzT+EksYBcupqMyxSHXXrHOLRRxU2/DicV8789MRBRR8+Hc2uWzUupOs4YS4JzBmBxjjCVBxD/g==
  /fill-range/7.0.1:
    dependencies:
      to-regex-range: 5.0.1
    dev: true
    engines:
      node: '>=8'
    resolution:
      integrity: sha512-qOo9F+dMUmC2Lcb4BbVvnKJxTPjCm+RRpe4gDuGrzkL7mEVl/djYSu2OdQ2Pa302N4oqkSg9ir6jaLWJ2USVpQ==
  /fs.realpath/1.0.0:
    dev: true
    resolution:
      integrity: sha1-FQStJSMVjKpA20onh8sBQRmU6k8=
  /glob-parent/5.1.2:
    dependencies:
      is-glob: 4.0.1
    dev: true
    engines:
      node: '>= 6'
    resolution:
      integrity: sha512-AOIgSQCepiJYwP3ARnGx+5VnTu2HBYdzbGP45eLw1vr3zB3vZLeyed1sC9hnbcOc9/SrMyM5RPQrkGz4aS9Zow==
  /glob/7.1.6:
    dependencies:
      fs.realpath: 1.0.0
      inflight: 1.0.6
      inherits: 2.0.4
      minimatch: 3.0.4
      once: 1.4.0
      path-is-absolute: 1.0.1
    dev: true
    resolution:
      integrity: sha512-LwaxwyZ72Lk7vZINtNNrywX0ZuLyStrdDtabefZKAY5ZGJhVtgdznluResxNmPitE0SAO+O26sWTHeKSI2wMBA==
  /has-flag/4.0.0:
    dev: true
    engines:
      node: '>=8'
    resolution:
      integrity: sha512-EykJT/Q1KjTWctppgIAgfSO0tKVuZUjhgMr17kqTumMl6Afv3EISleU7qZUzoXDFTAHTDC4NOoG/ZxU3EvlMPQ==
  /inflight/1.0.6:
    dependencies:
      once: 1.4.0
      wrappy: 1.0.2
    dev: true
    resolution:
      integrity: sha1-Sb1jMdfQLQwJvJEKEHW6gWW1bfk=
  /inherits/2.0.4:
    dev: true
    resolution:
      integrity: sha512-k/vGaX4/Yla3WzyMCvTQOXYeIHvqOKtnqBduzTHpzpQZzAskKMhZ2K+EnBiSM9zGSoIFeMpXKxa4dYeZIQqewQ==
  /is-extglob/2.1.1:
    dev: true
    engines:
      node: '>=0.10.0'
    resolution:
      integrity: sha1-qIwCU1eR8C7TfHahueqXc8gz+MI=
  /is-glob/4.0.1:
    dependencies:
      is-extglob: 2.1.1
    dev: true
    engines:
      node: '>=0.10.0'
    resolution:
      integrity: sha512-5G0tKtBTFImOqDnLB2hG6Bp2qcKEFduo4tZu9MT/H6NQv/ghhy30o55ufafxJ/LdH79LLs2Kfrn85TLKyA7BUg==
  /is-number/7.0.0:
    dev: true
    engines:
      node: '>=0.12.0'
    resolution:
      integrity: sha512-41Cifkg6e8TylSpdtTpeLVMqvSBEVzTttHvERD741+pnZ8ANv0004MRL43QKPDlK9cGvNp6NZWZUBlbGXYxxng==
  /isexe/2.0.0:
    dev: true
    resolution:
      integrity: sha1-6PvzdNxVb/iUehDcsFctYz8s+hA=
  /lines-and-columns/1.1.6:
    dev: true
    resolution:
      integrity: sha1-HADHQ7QzzQpOgHWPe2SldEDZ/wA=
  /magic-string/0.25.7:
    dependencies:
      sourcemap-codec: 1.4.8
    dev: true
    resolution:
      integrity: sha512-4CrMT5DOHTDk4HYDlzmwu4FVCcIYI8gauveasrdCu2IKIFOJ3f0v/8MDGJCDL9oD2ppz/Av1b0Nj345H9M+XIA==
  /merge2/1.4.1:
    dev: true
    engines:
      node: '>= 8'
    resolution:
      integrity: sha512-8q7VEgMJW4J8tcfVPy8g09NcQwZdbwFEqhe/WZkoIzjn/3TGDwtOCYtXGxA3O8tPzpczCCDgv+P2P5y00ZJOOg==
  /micromatch/4.0.2:
    dependencies:
      braces: 3.0.2
      picomatch: 2.2.2
    dev: true
    engines:
      node: '>=8'
    resolution:
      integrity: sha512-y7FpHSbMUMoyPbYUSzO6PaZ6FyRnQOpHuKwbo1G+Knck95XVU4QAiKdGEnj5wwoS7PlOgthX/09u5iFJ+aYf5Q==
  /minimatch/3.0.4:
    dependencies:
      brace-expansion: 1.1.11
    dev: true
    resolution:
      integrity: sha512-yJHVQEhyqPLUTgt9B83PXu6W3rx4MvvHvSUvToogpwoGDOUQ+yDrR0HRot+yOCdCO7u4hX3pWft6kWBBcqh0UA==
  /ms/2.1.2:
    dev: true
    resolution:
      integrity: sha512-sGkPx+VjMtmA6MX27oA4FBFELFCZZ4S4XqeGOXCv68tT+jb3vk/RyaKWP0PTKyWtmLSM0b+adUTEvbs1PEaH2w==
  /mz/2.7.0:
    dependencies:
      any-promise: 1.3.0
      object-assign: 4.1.1
      thenify-all: 1.6.0
    dev: true
    resolution:
      integrity: sha512-z81GNO7nnYMEhrGh9LeymoE4+Yr0Wn5McHIZMK5cfQCl+NDX08sCZgUc9/6MHni9IWuFLm1Z3HTCXu2z9fN62Q==
  /node-modules-regexp/1.0.0:
    dev: true
    engines:
      node: '>=0.10.0'
    resolution:
      integrity: sha1-jZ2+KJZKSsVxLpExZCEHxx6Q7EA=
  /object-assign/4.1.1:
    dev: true
    engines:
      node: '>=0.10.0'
    resolution:
      integrity: sha1-IQmtx5ZYh8/AXLvUQsrIv7s2CGM=
  /once/1.4.0:
    dependencies:
      wrappy: 1.0.2
    dev: true
    resolution:
      integrity: sha1-WDsap3WWHUsROsF9nFC6753Xa9E=
  /path-is-absolute/1.0.1:
    dev: true
    engines:
      node: '>=0.10.0'
    resolution:
      integrity: sha1-F0uSaHNVNP+8es5r9TpanhtcX18=
  /path-key/3.1.1:
    dev: true
    engines:
      node: '>=8'
    resolution:
      integrity: sha512-ojmeN0qd+y0jszEtoY48r0Peq5dwMEkIlCOu6Q5f41lfkswXuKtYrhgoTpLnyIcHm24Uhqx+5Tqm2InSwLhE6Q==
  /picomatch/2.2.2:
    dev: true
    engines:
      node: '>=8.6'
    resolution:
      integrity: sha512-q0M/9eZHzmr0AulXyPwNfZjtwZ/RBZlbN3K3CErVrk50T2ASYI7Bye0EvekFY3IP1Nt2DHu0re+V2ZHIpMkuWg==
  /pirates/4.0.1:
    dependencies:
      node-modules-regexp: 1.0.0
    dev: true
    engines:
      node: '>= 6'
    resolution:
      integrity: sha512-WuNqLTbMI3tmfef2TKxlQmAiLHKtFhlsCZnPIpuv2Ow0RDVO8lfy1Opf4NUzlMXLjPl+Men7AuVdX6TA+s+uGA==
  /prettier-plugin-svelte/2.2.0_prettier@2.2.1+svelte@3.37.0:
    dependencies:
      prettier: 2.2.1
      svelte: 3.37.0
    dev: true
    peerDependencies:
      prettier: ^1.16.4 || ^2.0.0
      svelte: ^3.2.0
    resolution:
      integrity: sha512-Xdmqgr71tAuMqqzNCK52/v94g/Yv7V7lz+nmbO9NEA+9ol15VV3uUHOfydMNOo3SWvFaVlBcp947ebEaMWqVfQ==
  /prettier/2.2.1:
    dev: true
    engines:
      node: '>=10.13.0'
    hasBin: true
    resolution:
      integrity: sha512-PqyhM2yCjg/oKkFPtTGUojv7gnZAoG80ttl45O6x2Ug/rMJw4wcc9k6aaf2hibP7BGVCCM33gZoGjyvt9mm16Q==
  /queue-microtask/1.2.3:
    dev: true
    resolution:
      integrity: sha512-NuaNSa6flKT5JaSYQzJok04JzTL1CA6aGhv5rfLW3PgqA+M2ChpZQnAC8h8i4ZFkBS8X5RqkDBHA7r4hej3K9A==
  /reusify/1.0.4:
    dev: true
    engines:
      iojs: '>=1.0.0'
      node: '>=0.10.0'
    resolution:
      integrity: sha512-U9nH88a3fc/ekCF1l0/UP1IosiuIjyTh7hBvXVMHYgVcfGvt897Xguj2UOLDeI5BG2m7/uwyaLVT6fbtCwTyzw==
  /run-parallel/1.2.0:
    dependencies:
      queue-microtask: 1.2.3
    dev: true
    resolution:
      integrity: sha512-5l4VyZR86LZ/lDxZTR6jqL8AFE2S0IFLMP26AbjsLVADxHdhB/c0GUsH+y39UfCi3dzz8OlQuPmnaJOMoDHQBA==
  /shebang-command/2.0.0:
    dependencies:
      shebang-regex: 3.0.0
    dev: true
    engines:
      node: '>=8'
    resolution:
      integrity: sha512-kHxr2zZpYtdmrN1qDjrrX/Z1rR1kG8Dx+gkpK1G4eXmvXswmcE1hTWBWYUzlraYw1/yZp6YuDY77YtvbN0dmDA==
  /shebang-regex/3.0.0:
    dev: true
    engines:
      node: '>=8'
    resolution:
      integrity: sha512-7++dFhtcx3353uBaq8DDR4NuxBetBzC7ZQOhmTQInHEd6bSrXdiEyzCvG07Z44UYdLShWUyXt5M/yhz8ekcb1A==
  /sourcemap-codec/1.4.8:
    dev: true
    resolution:
      integrity: sha512-9NykojV5Uih4lgo5So5dtw+f0JgJX30KCNI8gwhz2J9A15wD0Ml6tjHKwf6fTSa6fAdVBdZeNOs9eJ71qCk8vA==
  /sucrase/3.17.1:
    dependencies:
      commander: 4.1.1
      glob: 7.1.6
      lines-and-columns: 1.1.6
      mz: 2.7.0
      pirates: 4.0.1
      ts-interface-checker: 0.1.13
    dev: true
    engines:
      node: '>=8'
    hasBin: true
    resolution:
      integrity: sha512-04cNLFAhS4NBG2Z/MTkLY6HdoBsqErv3wCncymFlfFtnpMthurlWYML2RlID4M2BbiJSu1eZdQnE8Lcz4PCe2g==
  /supports-color/7.2.0:
    dependencies:
      has-flag: 4.0.0
    dev: true
    engines:
      node: '>=8'
    resolution:
      integrity: sha512-qpCAvRl9stuOHveKsn7HncJRvv501qIacKzQlO/+Lwxc9+0q2wLyv4Dfvt80/DPn2pqOBsJdDiogXGR9+OvwRw==
  /sveasy/0.1.3:
    dependencies:
      esbuild: 0.11.5
      svelte: 3.37.0
    dev: true
    resolution:
      integrity: sha512-nPjjS/beSK/c0xuNqQNA6y9R4HQxKIdNg6pzWdVKRf4XUkL23sgV9hVa/5wqEc25gOgc+cJTR7/fTVDC4aOnug==
  /svelte-windicss-preprocess/3.3.0:
    dependencies:
      '@windicss/plugin-utils': 0.12.5
      chalk: 4.1.0
      prettier: 2.2.1
      prettier-plugin-svelte: 2.2.0_prettier@2.2.1+svelte@3.37.0
      svelte: 3.37.0
      windicss: 2.5.11
      windicss-runtime-dom: 0.1.1
    dev: true
    resolution:
      integrity: sha512-wuquk7VEnXMGhJ9WWTxaegpgijM1Ftnd8ndBNQ3gO+ol10vTZEUwvAFzJC31DEohce9RycsUEVj5L/5v5D/6CQ==
  /svelte/3.37.0:
    dev: true
    engines:
      node: '>= 8'
    resolution:
      integrity: sha512-TRF30F4W4+d+Jr2KzUUL1j8Mrpns/WM/WacxYlo5MMb2E5Qy2Pk1Guj6GylxsW9OnKQl1tnF8q3hG/hQ3h6VUA==
  /thenify-all/1.6.0:
    dependencies:
      thenify: 3.3.1
    dev: true
    engines:
      node: '>=0.8'
    resolution:
      integrity: sha1-GhkY1ALY/D+Y+/I02wvMjMEOlyY=
  /thenify/3.3.1:
    dependencies:
      any-promise: 1.3.0
    dev: true
    resolution:
      integrity: sha512-RVZSIV5IG10Hk3enotrhvz0T9em6cyHBLkH/YAZuKqd8hRkKhSfCGIcP2KUY0EPxndzANBmNllzWPwak+bheSw==
  /to-regex-range/5.0.1:
    dependencies:
      is-number: 7.0.0
    dev: true
    engines:
      node: '>=8.0'
    resolution:
      integrity: sha512-65P7iz6X5yEr1cwcgvQxbbIw7Uk3gOy5dIdtZ4rDveLqhrdJP+Li/Hx6tyK0NEb+2GCyneCMJiGqrADCSNk8sQ==
  /ts-interface-checker/0.1.13:
    dev: true
    resolution:
      integrity: sha512-Y/arvbn+rrz3JCKl9C4kVNfTfSm2/mEp5FSz5EsZSANGPSlQrpRI5M4PKF+mJnE52jOO90PnPSc3Ur3bTQw0gA==
  /which/2.0.2:
    dependencies:
      isexe: 2.0.0
    dev: true
    engines:
      node: '>= 8'
    hasBin: true
    resolution:
      integrity: sha512-BLI3Tl1TW3Pvl70l3yq3Y64i+awpwXqsGBYWkkqMtnbXgrMD+yj7rhW0kuEDxzJaYXGjEW5ogapKNMEKNMjibA==
  /windicss-runtime-dom/0.1.1:
    dev: true
    resolution:
      integrity: sha512-hUNMCoGW01r946w710BDO/3bLgLQrlNRLVqXgCdbMPedIi6z5QFTIkzw+DVCEt6gojmrhy055CJ+ATTCefJTmg==
  /windicss/2.5.11:
    dev: true
    engines:
      node: '>= 12'
    hasBin: true
    resolution:
      integrity: sha512-u7b4rOPb8MwO1glkf0gdDygZ+lIzXb/PYLNjqni5Fe2684DCEt6dWTKdk3iMxXgbKoqRNncKu7xt3pFwXHdSAw==
  /wrappy/1.0.2:
    dev: true
    resolution:
      integrity: sha1-tSQ9jz7BqjXxNkYFvA0QNuMKtp8=
specifiers:
  cross-env: 7.0.3
  sveasy: ^0.1.3
  svelte: 3.37.0
  svelte-windicss-preprocess: ^3.3.0
  windicss: 2.5.11
